
Microsoft Visual Studio Solution File, Format Version 12.00
# Visual Studio Version 16
VisualStudioVersion = 16.0.30225.117
MinimumVisualStudioVersion = 10.0.40219.1
Project("{FAE04EC0-301F-11D3-BF4B-00C04F79EFBC}") = "TesteBenFatoo", "TesteBenFatoo.csproj", "{54CD2D46-9826-4E12-A9C7-A38F7B8E65C2}"
EndProject
Global
	GlobalSection(SolutionConfigurationPlatforms) = preSolution
		Debug|Any CPU = Debug|Any CPU
		Release|Any CPU = Release|Any CPU
	EndGlobalSection
	GlobalSection(ProjectConfigurationPlatforms) = postSolution
		{54CD2D46-9826-4E12-A9C7-A38F7B8E65C2}.Debug|Any CPU.ActiveCfg = Debug|Any CPU
		{54CD2D46-9826-4E12-A9C7-A38F7B8E65C2}.Debug|Any CPU.Build.0 = Debug|Any CPU
		{54CD2D46-9826-4E12-A9C7-A38F7B8E65C2}.Release|Any CPU.ActiveCfg = Release|Any CPU
		{54CD2D46-9826-4E12-A9C7-A38F7B8E65C2}.Release|Any CPU.Build.0 = Release|Any CPU
	EndGlobalSection
	GlobalSection(SolutionProperties) = preSolution
		HideSolutionNode = FALSE
	EndGlobalSection
	GlobalSection(ExtensibilityGlobals) = postSolution
		SolutionGuid = {8380EEC8-7614-4651-93E7-9E65669AEA75}
	EndGlobalSection
EndGlobal
